PODS:
  - Alamofire (4.7.3)
  - FullAuthIOSClient (0.7.0):
    - Alamofire (~> 4.5)

DEPENDENCIES:
  - FullAuthIOSClient (from `../`)

EXTERNAL SOURCES:
  FullAuthIOSClient:
    :path: ../

SPEC CHECKSUMS:
  Alamofire: c7287b6e5d7da964a70935e5db17046b7fde6568
  FullAuthIOSClient: 0d335c7677bd95fe21ee002eefaaf6254ecd26e5

PODFILE CHECKSUM: 79ff1888d91f6e3a641fa26bd0ddb73f0a186a61

COCOAPODS: 1.4.0
