PODS:
  - Alamofire (4.6.0)
  - FullAuthIOSClient (0.7.0):
    - Alamofire (~> 4.5)

DEPENDENCIES:
  - FullAuthIOSClient (from `../`)

EXTERNAL SOURCES:
  FullAuthIOSClient:
    :path: ../

SPEC CHECKSUMS:
  Alamofire: f41a599bd63041760b26d393ec1069d9d7b917f4
  FullAuthIOSClient: efb6953bc737b84f77b89c866d567b0b0b7979a0

PODFILE CHECKSUM: 79ff1888d91f6e3a641fa26bd0ddb73f0a186a61

COCOAPODS: 1.3.1
