PODS:
  - Alamofire (4.0.0)
  - FullAuthIOSClient (0.6.0):
    - Alamofire (= 4.0)

DEPENDENCIES:
  - FullAuthIOSClient (from `../`)

EXTERNAL SOURCES:
  FullAuthIOSClient:
    :path: "../"

SPEC CHECKSUMS:
  Alamofire: fef59f00388f267e52d9b432aa5d93dc97190f14
  FullAuthIOSClient: c8d372025e597c0f9d198058da1b7c2c395d2c10

PODFILE CHECKSUM: dfc67db2c5300c811f2ac70d78bf8672fb8e317a

COCOAPODS: 1.1.1
